
PODS:
- A2DynamicDelegate (2.0.2):
  - libffi
- BlocksKit (1.5.2):
  - A2DynamicDelegate
- NoodleKit/NoodleLineNumberMarker (0.0.1)
- NoodleKit/NoodleLineNumberView (0.0.1):
  - NoodleKit/NoodleLineNumberMarker
- libffi (3.0.11)

DEPENDENCIES:
- BlocksKit
- NoodleKit/NoodleLineNumberView

SPEC CHECKSUMS:
  A2DynamicDelegate: 013b345f1aca891ded67a95c1512fad677c260a9
  BlocksKit: 12fbe889d9f8cc66adf5c9bd4cb0606071f214f2
  NoodleKit/NoodleLineNumberMarker: bda95f4bdf934a8c6cff5fb5721222d9b47c70be
  NoodleKit/NoodleLineNumberView: bda95f4bdf934a8c6cff5fb5721222d9b47c70be
  libffi: 8a1d9ba43c0c84b546b42c6f742714e73aa07ae1

COCOAPODS: 0.14.0
